#MicroXplorer Configuration settings - do not modify
Mcu.Family=STM32F4
ProjectManager.MainLocation=Core/Src
Dma.SDIO_TX.1.MemInc=DMA_MINC_ENABLE
PA6.Mode=SD_4_bits_Wide_bus
USB_DEVICE.CLASS_NAME_FS=DFU
RCC.CortexFreq_Value=96000000
ProjectManager.KeepUserCode=true
Mcu.UserName=STM32F411CEUx
RCC.PLLCLKFreq_Value=96000000
RCC.PLLQCLKFreq_Value=48000000
ProjectManager.functionlistsort=1-MX_GPIO_Init-GPIO-false-HAL-true,2-MX_DMA_Init-DMA-false-HAL-true,3-SystemClock_Config-RCC-false-HAL-false,4-MX_USB_DEVICE_Init-USB_DEVICE-false-HAL-false,5-MX_SDIO_SD_Init-SDIO-false-HAL-true,6-MX_RTC_Init-RTC-false-HAL-true
PA9.GPIOParameters=GPIO_PuPd
VP_RTC_VS_RTC_Activate.Mode=RTC_Enabled
PA11.Mode=Device_Only
RCC.RTCFreq_Value=32768
PB15.Signal=SDIO_CK
VP_USB_DEVICE_VS_USB_DEVICE_DFU_FS.Mode=DFU_FS
Dma.SDIO_TX.1.PeriphBurst=DMA_PBURST_INC4
PinOutPanel.RotationAngle=0
Dma.SDIO_RX.0.RequestParameters=Instance,Direction,PeriphInc,MemInc,PeriphDataAlignment,MemDataAlignment,Mode,Priority,FIFOMode,FIFOThreshold,MemBurst,PeriphBurst
RCC.SYSCLKSource=RCC_SYSCLKSOURCE_PLLCLK
ProjectManager.StackSize=0x400
PB5.GPIOParameters=GPIO_PuPd
Dma.SDIO_RX.0.Direction=DMA_PERIPH_TO_MEMORY
Dma.SDIO_TX.1.Instance=DMA2_Stream6
Dma.SDIO_TX.1.PeriphInc=DMA_PINC_DISABLE
Mcu.IP4=SDIO
RCC.FCLKCortexFreq_Value=96000000
Mcu.IP5=SYS
NVIC.SVCall_IRQn=true\:0\:0\:false\:false\:true\:false\:false
Mcu.IP2=RCC
Mcu.IP3=RTC
Mcu.IP0=DMA
Mcu.IP1=NVIC
PA12.Signal=USB_OTG_FS_DP
Dma.SDIO_TX.1.PeriphDataAlignment=DMA_PDATAALIGN_WORD
Mcu.UserConstants=
PH0\ -\ OSC_IN.Signal=RCC_OSC_IN
RCC.RCC_RTC_Clock_Source=RCC_RTCCLKSOURCE_LSE
Mcu.ThirdPartyNb=0
RCC.HCLKFreq_Value=96000000
Mcu.IPNb=8
RCC.I2SClocksFreq_Value=150000000
ProjectManager.PreviousToolchain=STM32CubeIDE
RCC.APB2TimFreq_Value=96000000
RCC.VcooutputI2S=150000000
PA8.GPIOParameters=GPIO_PuPd
Mcu.Pin6=PA6
Mcu.Pin7=PB15
Mcu.Pin8=PA8
Dma.SDIO_TX.1.RequestParameters=Instance,Direction,PeriphInc,MemInc,PeriphDataAlignment,MemDataAlignment,Mode,Priority,FIFOMode,FIFOThreshold,MemBurst,PeriphBurst
Mcu.Pin9=PA9
Dma.SDIO_TX.1.FIFOMode=DMA_FIFOMODE_ENABLE
RCC.AHBFreq_Value=96000000
Mcu.Pin0=PC13-ANTI_TAMP
Mcu.Pin1=PC14-OSC32_IN
GPIO.groupedBy=Group By Peripherals
Mcu.Pin2=PC15-OSC32_OUT
Mcu.Pin3=PH0 - OSC_IN
PA0-WKUP.GPIOParameters=GPIO_PuPd
Mcu.Pin4=PH1 - OSC_OUT
Mcu.Pin5=PA0-WKUP
ProjectManager.ProjectBuild=false
RCC.HSE_VALUE=25000000
NVIC.UsageFault_IRQn=true\:0\:0\:false\:false\:true\:false\:false
NVIC.DebugMonitor_IRQn=true\:0\:0\:false\:false\:true\:false\:false
PC13-ANTI_TAMP.Signal=GPIO_Output
NVIC.SysTick_IRQn=true\:0\:0\:false\:false\:true\:false\:true
Dma.SDIO_TX.1.MemBurst=DMA_MBURST_INC4
ProjectManager.FirmwarePackage=STM32Cube FW_F4 V1.25.2
MxDb.Version=DB.6.0.10
PA6.GPIO_PuPd=GPIO_PULLUP
ProjectManager.BackupPrevious=false
PC14-OSC32_IN.Mode=LSE-External-Oscillator
RCC.VCOInputFreq_Value=1000000
PA14.Mode=Serial_Wire
PB5.Mode=SD_4_bits_Wide_bus
File.Version=6
PB7.Signal=SDIO_D0
Dma.SDIO_TX.1.Direction=DMA_MEMORY_TO_PERIPH
PA8.Signal=SDIO_D1
USB_DEVICE.USBD_DFU_MEDIA=@Internal Flash   /0x08000000/04*016Ka,01*064Kg,03*128Kg
NVIC.PendSV_IRQn=true\:0\:0\:false\:false\:true\:false\:false
Dma.SDIO_RX.0.MemDataAlignment=DMA_MDATAALIGN_WORD
Dma.RequestsNb=2
ProjectManager.HalAssertFull=false
ProjectManager.ProjectName=cube_f411
Mcu.Package=UFQFPN48
PB9.Signal=GPIO_Input
PA6.Signal=SDIO_CMD
PB15.GPIO_PuPd=GPIO_PULLUP
NVIC.OTG_FS_IRQn=true\:6\:0\:true\:false\:true\:false\:true
ProjectManager.ToolChainLocation=
RCC.LSI_VALUE=32000
VP_SYS_VS_Systick.Signal=SYS_VS_Systick
PB9.GPIO_PuPd=GPIO_PULLUP
USB_OTG_FS.VirtualMode=Device_Only
Dma.SDIO_TX.1.FIFOThreshold=DMA_FIFO_THRESHOLD_FULL
Dma.SDIO_TX.1.Priority=DMA_PRIORITY_LOW
Dma.Request1=SDIO_TX
RCC.APB1TimFreq_Value=96000000
NVIC.BusFault_IRQn=true\:0\:0\:false\:false\:true\:false\:false
Dma.SDIO_RX.0.MemBurst=DMA_MBURST_INC4
USB_OTG_FS.IPParameters=VirtualMode,Sof_enable
Dma.SDIO_RX.0.Instance=DMA2_Stream3
Dma.Request0=SDIO_RX
ProjectManager.CustomerFirmwarePackage=
Dma.SDIO_RX.0.FIFOMode=DMA_FIFOMODE_ENABLE
VP_RTC_VS_RTC_Activate.Signal=RTC_VS_RTC_Activate
PA6.GPIOParameters=GPIO_PuPd
PB7.GPIO_PuPd=GPIO_PULLUP
PC15-OSC32_OUT.Mode=LSE-External-Oscillator
Dma.SDIO_RX.0.Mode=DMA_PFCTRL
Dma.SDIO_RX.0.Priority=DMA_PRIORITY_LOW
ProjectManager.ProjectFileName=cube_f411.ioc
Mcu.PinsNb=20
ProjectManager.NoMain=false
USB_DEVICE.VirtualModeFS=Dfu_FS
PH1\ -\ OSC_OUT.Mode=HSE-External-Oscillator
Dma.SDIO_RX.0.PeriphInc=DMA_PINC_DISABLE
VP_USB_DEVICE_VS_USB_DEVICE_DFU_FS.Signal=USB_DEVICE_VS_USB_DEVICE_DFU_FS
ProjectManager.DefaultFWLocation=true
ProjectManager.DeletePrevious=true
RCC.APB1CLKDivider=RCC_HCLK_DIV2
PC14-OSC32_IN.Signal=RCC_OSC32_IN
USB_DEVICE.IPParameters=VirtualMode,VirtualModeFS,CLASS_NAME_FS,USBD_DFU_APP_DEFAULT_ADD,USBD_DFU_MEDIA
PA9.GPIO_PuPd=GPIO_PULLUP
NVIC.SDIO_IRQn=true\:5\:0\:true\:false\:true\:true\:true
RCC.FamilyName=M
PA0-WKUP.Signal=GPIO_Input
PA0-WKUP.Locked=true
PB9.GPIOParameters=GPIO_PuPd
PA13.Signal=SYS_JTMS-SWDIO
PA9.Mode=SD_4_bits_Wide_bus
PH0\ -\ OSC_IN.Mode=HSE-External-Oscillator
Dma.SDIO_TX.1.MemDataAlignment=DMA_MDATAALIGN_WORD
Dma.SDIO_RX.0.MemInc=DMA_MINC_ENABLE
Dma.SDIO_RX.0.FIFOThreshold=DMA_FIFO_THRESHOLD_FULL
ProjectManager.TargetToolchain=STM32CubeIDE
PB7.GPIOParameters=GPIO_PuPd
PA9.Signal=SDIO_D2
PB9.Locked=true
RCC.VCOInputMFreq_Value=1562500
ProjectManager.RegisterCallBack=
NVIC.DMA2_Stream3_IRQn=true\:5\:0\:true\:false\:true\:false\:true
NVIC.DMA2_Stream6_IRQn=true\:5\:0\:true\:false\:true\:false\:true
PC15-OSC32_OUT.Signal=RCC_OSC32_OUT
Dma.SDIO_RX.0.PeriphDataAlignment=DMA_PDATAALIGN_WORD
RCC.VCOI2SOutputFreq_Value=300000000
PH1\ -\ OSC_OUT.Signal=RCC_OSC_OUT
board=custom
RCC.VCOOutputFreq_Value=192000000
PC13-ANTI_TAMP.Locked=true
ProjectManager.LastFirmware=true
PB15.Mode=SD_4_bits_Wide_bus
RCC.APB2Freq_Value=96000000
MxCube.Version=6.1.2
USB_DEVICE.USBD_DFU_APP_DEFAULT_ADD=0x08010000
VP_SYS_VS_Systick.Mode=SysTick
RCC.EthernetFreq_Value=96000000
RCC.RCC_RTC_Clock_SourceVirtual=RCC_RTCCLKSOURCE_LSE
NVIC.NonMaskableInt_IRQn=true\:0\:0\:false\:false\:true\:false\:false
USB_OTG_FS.Sof_enable=ENABLE
Dma.SDIO_TX.1.Mode=DMA_PFCTRL
PB15.GPIOParameters=GPIO_PuPd
PA13.Mode=Serial_Wire
ProjectManager.FreePins=false
RCC.IPParameters=48MHZClocksFreq_Value,AHBFreq_Value,APB1CLKDivider,APB1Freq_Value,APB1TimFreq_Value,APB2Freq_Value,APB2TimFreq_Value,CortexFreq_Value,EthernetFreq_Value,FCLKCortexFreq_Value,FamilyName,HCLKFreq_Value,HSE_VALUE,HSI_VALUE,I2SClocksFreq_Value,LSI_VALUE,PLLCLKFreq_Value,PLLM,PLLQCLKFreq_Value,RCC_RTC_Clock_Source,RCC_RTC_Clock_SourceVirtual,RTCFreq_Value,RTCHSEDivFreq_Value,SYSCLKFreq_VALUE,SYSCLKSource,VCOI2SOutputFreq_Value,VCOInputFreq_Value,VCOInputMFreq_Value,VCOOutputFreq_Value,VcooutputI2S
ProjectManager.AskForMigrate=true
Mcu.Name=STM32F411C(C-E)Ux
RCC.RTCHSEDivFreq_Value=12500000
ProjectManager.UnderRoot=true
Mcu.IP6=USB_DEVICE
Mcu.IP7=USB_OTG_FS
ProjectManager.CoupleFile=true
RCC.48MHZClocksFreq_Value=48000000
RCC.SYSCLKFreq_VALUE=96000000
PB5.Signal=SDIO_D3
PA12.Mode=Device_Only
NVIC.ForceEnableDMAVector=true
KeepUserPlacement=false
PB5.GPIO_PuPd=GPIO_PULLUP
NVIC.MemoryManagement_IRQn=true\:0\:0\:false\:false\:true\:false\:false
ProjectManager.CompilerOptimize=6
PB7.Mode=SD_4_bits_Wide_bus
PA11.Signal=USB_OTG_FS_DM
PA14.Signal=SYS_JTCK-SWCLK
ProjectManager.HeapSize=0x200
Mcu.Pin15=PB7
NVIC.HardFault_IRQn=true\:0\:0\:false\:false\:true\:false\:false
Mcu.Pin16=PB9
Mcu.Pin13=PA14
Mcu.Pin14=PB5
Mcu.Pin19=VP_USB_DEVICE_VS_USB_DEVICE_DFU_FS
ProjectManager.ComputerToolchain=false
Mcu.Pin17=VP_RTC_VS_RTC_Activate
RCC.HSI_VALUE=16000000
PA8.GPIO_PuPd=GPIO_PULLUP
Mcu.Pin18=VP_SYS_VS_Systick
NVIC.PriorityGroup=NVIC_PRIORITYGROUP_4
Mcu.Pin11=PA12
Mcu.Pin12=PA13
RCC.PLLM=25
Mcu.Pin10=PA11
Dma.SDIO_RX.0.PeriphBurst=DMA_PBURST_INC4
PB7.Locked=true
PA0-WKUP.GPIO_PuPd=GPIO_PULLUP
PA8.Mode=SD_4_bits_Wide_bus
RCC.APB1Freq_Value=48000000
USB_DEVICE.VirtualMode=Dfu
ProjectManager.DeviceId=STM32F411CEUx
ProjectManager.LibraryCopy=1
